
Microsoft Visual Studio Solution File, Format Version 12.00
# Visual Studio Version 17
VisualStudioVersion = 17.11.35222.181
MinimumVisualStudioVersion = 10.0.40219.1
Project("{FAE04EC0-301F-11D3-BF4B-00C04F79EFBC}") = "ConsoleApp2", "ConsoleApp2.csproj", "{6AB8A582-E9F8-402D-9B10-D34C0F4298A6}"
EndProject
Global
	GlobalSection(SolutionConfigurationPlatforms) = preSolution
		Debug|Any CPU = Debug|Any CPU
		Release|Any CPU = Release|Any CPU
	EndGlobalSection
	GlobalSection(ProjectConfigurationPlatforms) = postSolution
		{6AB8A582-E9F8-402D-9B10-D34C0F4298A6}.Debug|Any CPU.ActiveCfg = Debug|Any CPU
		{6AB8A582-E9F8-402D-9B10-D34C0F4298A6}.Debug|Any CPU.Build.0 = Debug|Any CPU
		{6AB8A582-E9F8-402D-9B10-D34C0F4298A6}.Release|Any CPU.ActiveCfg = Release|Any CPU
		{6AB8A582-E9F8-402D-9B10-D34C0F4298A6}.Release|Any CPU.Build.0 = Release|Any CPU
	EndGlobalSection
	GlobalSection(SolutionProperties) = preSolution
		HideSolutionNode = FALSE
	EndGlobalSection
	GlobalSection(ExtensibilityGlobals) = postSolution
		SolutionGuid = {896CB00B-3A90-4AFE-89FC-9B5481553325}
	EndGlobalSection
EndGlobal
